
Microsoft Visual Studio Solution File, Format Version 12.00
# Visual Studio Version 16
VisualStudioVersion = 16.0.29806.167
MinimumVisualStudioVersion = 10.0.40219.1
Project("{FAE04EC0-301F-11D3-BF4B-00C04F79EFBC}") = "WebApi", "WebApi\WebApi.csproj", "{09084B30-0F3C-480B-AB3E-FEB843856044}"
EndProject
Global
	GlobalSection(SolutionConfigurationPlatforms) = preSolution
		Debug|Any CPU = Debug|Any CPU
		Release|Any CPU = Release|Any CPU
	EndGlobalSection
	GlobalSection(ProjectConfigurationPlatforms) = postSolution
		{09084B30-0F3C-480B-AB3E-FEB843856044}.Debug|Any CPU.ActiveCfg = Debug|Any CPU
		{09084B30-0F3C-480B-AB3E-FEB843856044}.Debug|Any CPU.Build.0 = Debug|Any CPU
		{09084B30-0F3C-480B-AB3E-FEB843856044}.Release|Any CPU.ActiveCfg = Release|Any CPU
		{09084B30-0F3C-480B-AB3E-FEB843856044}.Release|Any CPU.Build.0 = Release|Any CPU
	EndGlobalSection
	GlobalSection(SolutionProperties) = preSolution
		HideSolutionNode = FALSE
	EndGlobalSection
	GlobalSection(ExtensibilityGlobals) = postSolution
		SolutionGuid = {6A8A9789-3037-422F-A266-E3B98BED3913}
	EndGlobalSection
EndGlobal
